
Microsoft Visual Studio Solution File, Format Version 11.00
# Visual C++ Express 2010
Project("{8BC9CEB8-8B4A-11D0-8D11-00A0C91BC942}") = "芦博宇实验三", "芦博宇实验三\芦博宇实验三.vcxproj", "{5E0C59E1-05DF-41FD-BDC2-303E9DD6F04D}"
EndProject
Global
	GlobalSection(SolutionConfigurationPlatforms) = preSolution
		Debug|Win32 = Debug|Win32
		Release|Win32 = Release|Win32
	EndGlobalSection
	GlobalSection(ProjectConfigurationPlatforms) = postSolution
		{5E0C59E1-05DF-41FD-BDC2-303E9DD6F04D}.Debug|Win32.ActiveCfg = Debug|Win32
		{5E0C59E1-05DF-41FD-BDC2-303E9DD6F04D}.Debug|Win32.Build.0 = Debug|Win32
		{5E0C59E1-05DF-41FD-BDC2-303E9DD6F04D}.Release|Win32.ActiveCfg = Release|Win32
		{5E0C59E1-05DF-41FD-BDC2-303E9DD6F04D}.Release|Win32.Build.0 = Release|Win32
	EndGlobalSection
	GlobalSection(SolutionProperties) = preSolution
		HideSolutionNode = FALSE
	EndGlobalSection
EndGlobal
