
Microsoft Visual Studio Solution File, Format Version 11.00
# Visual C++ Express 2010
Project("{8BC9CEB8-8B4A-11D0-8D11-00A0C91BC942}") = "芦博宇实验二.1", "芦博宇实验二.1\芦博宇实验二.1.vcxproj", "{5399B4FB-B8FE-4FB3-9EB6-54618BF713B6}"
EndProject
Global
	GlobalSection(SolutionConfigurationPlatforms) = preSolution
		Debug|Win32 = Debug|Win32
		Release|Win32 = Release|Win32
	EndGlobalSection
	GlobalSection(ProjectConfigurationPlatforms) = postSolution
		{5399B4FB-B8FE-4FB3-9EB6-54618BF713B6}.Debug|Win32.ActiveCfg = Debug|Win32
		{5399B4FB-B8FE-4FB3-9EB6-54618BF713B6}.Debug|Win32.Build.0 = Debug|Win32
		{5399B4FB-B8FE-4FB3-9EB6-54618BF713B6}.Release|Win32.ActiveCfg = Release|Win32
		{5399B4FB-B8FE-4FB3-9EB6-54618BF713B6}.Release|Win32.Build.0 = Release|Win32
	EndGlobalSection
	GlobalSection(SolutionProperties) = preSolution
		HideSolutionNode = FALSE
	EndGlobalSection
EndGlobal
